<?xml version="1.0" encoding="utf-8"?>
<Project ToolsVersion="4.0" xmlns="http://schemas.microsoft.com/developer/msbuild/2003">
  <ItemGroup>
    <Filter Include="File di intestazione">
      <UniqueIdentifier>{93995380-89BD-4b04-88EB-625FBE52EBFB}</UniqueIdentifier>
      <Extensions>h;hh;hpp;hxx;hm;inl;inc;ipp;xsd</Extensions>
    </Filter>
    <Filter Include="File di risorse">
      <UniqueIdentifier>{67DA6AB6-F800-4c08-8B7A-83BB121AAD01}</UniqueIdentifier>
      <Extensions>rc;ico;cur;bmp;dlg;rc2;rct;bin;rgs;gif;jpg;jpeg;jpe;resx;tiff;tif;png;wav;mfcribbon-ms</Extensions>
    </Filter>
    <Filter Include="File di origine">
      <UniqueIdentifier>{4FC737F1-C7A5-4376-A066-2A32D752A2FF}</UniqueIdentifier>
      <Extensions>cpp;c;cc;cxx;def;odl;idl;hpj;bat;asm;asmx</Extensions>
    </Filter>
  </ItemGroup>
  <ItemGroup>
    <ClInclude Include="posizionexy.hpp">
      <Filter>File di intestazione</Filter>
    </ClInclude>
    <ClInclude Include="astronave.hpp">
      <Filter>File di intestazione</Filter>
    </ClInclude>
    <ClInclude Include="Bunker1.hpp">
      <Filter>File di intestazione</Filter>
    </ClInclude>
    <ClInclude Include="Bunker2.hpp">
      <Filter>File di intestazione</Filter>
    </ClInclude>
    <ClInclude Include="Proiettile.hpp">
      <Filter>File di intestazione</Filter>
    </ClInclude>
    <ClInclude Include="ProiettileBunker.hpp">
      <Filter>File di intestazione</Filter>
    </ClInclude>
    <ClInclude Include="ProiettileBunker3.hpp">
      <Filter>File di intestazione</Filter>
    </ClInclude>
    <ClInclude Include="ProiettileBunker4.hpp">
      <Filter>File di intestazione</Filter>
    </ClInclude>
    <ClInclude Include="carburante.hpp">
      <Filter>File di intestazione</Filter>
    </ClInclude>
    <ClInclude Include="serbatoio_astronave.hpp">
      <Filter>File di intestazione</Filter>
    </ClInclude>
    <ClInclude Include="Pianeta.hpp">
      <Filter>File di intestazione</Filter>
    </ClInclude>
    <ClInclude Include="ProiettileBunker2.hpp">
      <Filter>File di intestazione</Filter>
    </ClInclude>
    <ClInclude Include="Sistema_Solare.hpp">
      <Filter>File di intestazione</Filter>
    </ClInclude>
    <ClInclude Include="lista_sistemi_solari.hpp">
      <Filter>File di intestazione</Filter>
    </ClInclude>
  </ItemGroup>
  <ItemGroup>
    <ClCompile Include="posizionexy.cpp">
      <Filter>File di origine</Filter>
    </ClCompile>
    <ClCompile Include="astronave.cpp">
      <Filter>File di origine</Filter>
    </ClCompile>
    <ClCompile Include="Bunker1.cpp">
      <Filter>File di origine</Filter>
    </ClCompile>
    <ClCompile Include="Bunker2.cpp">
      <Filter>File di origine</Filter>
    </ClCompile>
    <ClCompile Include="Proiettile.cpp">
      <Filter>File di origine</Filter>
    </ClCompile>
    <ClCompile Include="ProiettileBunker.cpp">
      <Filter>File di origine</Filter>
    </ClCompile>
    <ClCompile Include="ProiettileBunker3.cpp">
      <Filter>File di origine</Filter>
    </ClCompile>
    <ClCompile Include="ProiettileBunker4.cpp">
      <Filter>File di origine</Filter>
    </ClCompile>
    <ClCompile Include="carburante.cpp">
      <Filter>File di origine</Filter>
    </ClCompile>
    <ClCompile Include="serbatoio_astronave.cpp">
      <Filter>File di origine</Filter>
    </ClCompile>
    <ClCompile Include="Pianeta.cpp">
      <Filter>File di origine</Filter>
    </ClCompile>
    <ClCompile Include="ProiettileBunker2.cpp">
      <Filter>File di origine</Filter>
    </ClCompile>
    <ClCompile Include="Sistema_Solare.cpp">
      <Filter>File di origine</Filter>
    </ClCompile>
    <ClCompile Include="MAIN.cpp">
      <Filter>File di origine</Filter>
    </ClCompile>
  </ItemGroup>
</Project>